
Microsoft Visual Studio Solution File, Format Version 12.00
# Visual Studio Version 17
VisualStudioVersion = 17.11.35222.181
MinimumVisualStudioVersion = 10.0.40219.1
Project("{FAE04EC0-301F-11D3-BF4B-00C04F79EFBC}") = "WebApplication", "WebApplication\WebApplication.csproj", "{F7E8BAD4-7E37-4688-9C65-9611B78207AE}"
EndProject
Global
	GlobalSection(SolutionConfigurationPlatforms) = preSolution
		Debug|Any CPU = Debug|Any CPU
		Release|Any CPU = Release|Any CPU
	EndGlobalSection
	GlobalSection(ProjectConfigurationPlatforms) = postSolution
		{F7E8BAD4-7E37-4688-9C65-9611B78207AE}.Debug|Any CPU.ActiveCfg = Debug|Any CPU
		{F7E8BAD4-7E37-4688-9C65-9611B78207AE}.Debug|Any CPU.Build.0 = Debug|Any CPU
		{F7E8BAD4-7E37-4688-9C65-9611B78207AE}.Release|Any CPU.ActiveCfg = Release|Any CPU
		{F7E8BAD4-7E37-4688-9C65-9611B78207AE}.Release|Any CPU.Build.0 = Release|Any CPU
	EndGlobalSection
	GlobalSection(SolutionProperties) = preSolution
		HideSolutionNode = FALSE
	EndGlobalSection
	GlobalSection(ExtensibilityGlobals) = postSolution
		SolutionGuid = {531A8FFE-04BF-4E87-ACBA-4E07E8C6C96F}
	EndGlobalSection
EndGlobal
